// !$*UTF8*$!
{
	archiveVersion = 1;
	classes = {
	};
	objectVersion = 46;
	objects = {

/* Begin PBXBuildFile section */
		5C7F83601B02E7330087849F /* main.m in Sources */ = {isa = PBXBuildFile; fileRef = 5C7F835F1B02E7330087849F /* main.m */; };
		5C7F83631B02E7330087849F /* AppDelegate.m in Sources */ = {isa = PBXBuildFile; fileRef = 5C7F83621B02E7330087849F /* AppDelegate.m */; };
		5C7F83661B02E7330087849F /* ViewController.m in Sources */ = {isa = PBXBuildFile; fileRef = 5C7F83651B02E7330087849F /* ViewController.m */; };
		5C7F83691B02E7330087849F /* Main.storyboard in Resources */ = {isa = PBXBuildFile; fileRef = 5C7F83671B02E7330087849F /* Main.storyboard */; };
		5C7F836B1B02E7330087849F /* Images.xcassets in Resources */ = {isa = PBXBuildFile; fileRef = 5C7F836A1B02E7330087849F /* Images.xcassets */; };
		5C7F836E1B02E7330087849F /* LaunchScreen.xib in Resources */ = {isa = PBXBuildFile; fileRef = 5C7F836C1B02E7330087849F /* LaunchScreen.xib */; };
		5C7F837A1B02E7330087849F /* TestGenieDemoTests.m in Sources */ = {isa = PBXBuildFile; fileRef = 5C7F83791B02E7330087849F /* TestGenieDemoTests.m */; };
/* End PBXBuildFile section */

/* Begin PBXContainerItemProxy section */
		5C7F83741B02E7330087849F /* PBXContainerItemProxy */ = {
			isa = PBXContainerItemProxy;
			containerPortal = 5C7F83521B02E7330087849F /* Project object */;
			proxyType = 1;
			remoteGlobalIDString = 5C7F83591B02E7330087849F;
			remoteInfo = TestGenieDemo;
		};
/* End PBXContainerItemProxy section */

/* Begin PBXFileReference section */
		5C7F835A1B02E7330087849F /* TestGenieDemo.app */ = {isa = PBXFileReference; explicitFileType = wrapper.application; includeInIndex = 0; path = TestGenieDemo.app; sourceTree = BUILT_PRODUCTS_DIR; };
		5C7F835E1B02E7330087849F /* Info.plist */ = {isa = PBXFileReference; lastKnownFileType = text.plist.xml; path = Info.plist; sourceTree = "<group>"; };
		5C7F835F1B02E7330087849F /* main.m */ = {isa = PBXFileReference; lastKnownFileType = sourcecode.c.objc; path = main.m; sourceTree = "<group>"; };
		5C7F83611B02E7330087849F /* AppDelegate.h */ = {isa = PBXFileReference; lastKnownFileType = sourcecode.c.h; path = AppDelegate.h; sourceTree = "<group>"; };
		5C7F83621B02E7330087849F /* AppDelegate.m */ = {isa = PBXFileReference; lastKnownFileType = sourcecode.c.objc; path = AppDelegate.m; sourceTree = "<group>"; };
		5C7F83641B02E7330087849F /* ViewController.h */ = {isa = PBXFileReference; lastKnownFileType = sourcecode.c.h; path = ViewController.h; sourceTree = "<group>"; };
		5C7F83651B02E7330087849F /* ViewController.m */ = {isa = PBXFileReference; lastKnownFileType = sourcecode.c.objc; path = ViewController.m; sourceTree = "<group>"; };
		5C7F83681B02E7330087849F /* Base */ = {isa = PBXFileReference; lastKnownFileType = file.storyboard; name = Base; path = Base.lproj/Main.storyboard; sourceTree = "<group>"; };
		5C7F836A1B02E7330087849F /* Images.xcassets */ = {isa = PBXFileReference; lastKnownFileType = folder.assetcatalog; path = Images.xcassets; sourceTree = "<group>"; };
		5C7F836D1B02E7330087849F /* Base */ = {isa = PBXFileReference; lastKnownFileType = file.xib; name = Base; path = Base.lproj/LaunchScreen.xib; sourceTree = "<group>"; };
		5C7F83731B02E7330087849F /* TestGenieDemoTests.xctest */ = {isa = PBXFileReference; explicitFileType = wrapper.cfbundle; includeInIndex = 0; path = TestGenieDemoTests.xctest; sourceTree = BUILT_PRODUCTS_DIR; };
		5C7F83781B02E7330087849F /* Info.plist */ = {isa = PBXFileReference; lastKnownFileType = text.plist.xml; path = Info.plist; sourceTree = "<group>"; };
		5C7F83791B02E7330087849F /* TestGenieDemoTests.m */ = {isa = PBXFileReference; lastKnownFileType = sourcecode.c.objc; path = TestGenieDemoTests.m; sourceTree = "<group>"; };
/* End PBXFileReference section */

/* Begin PBXFrameworksBuildPhase section */
		5C7F83571B02E7330087849F /* Frameworks */ = {
			isa = PBXFrameworksBuildPhase;
			buildActionMask = 2147483647;
			files = (
			);
			runOnlyForDeploymentPostprocessing = 0;
		};
		5C7F83701B02E7330087849F /* Frameworks */ = {
			isa = PBXFrameworksBuildPhase;
			buildActionMask = 2147483647;
			files = (
			);
			runOnlyForDeploymentPostprocessing = 0;
		};
/* End PBXFrameworksBuildPhase section */

/* Begin PBXGroup section */
		5C7F83511B02E7330087849F = {
			isa = PBXGroup;
			children = (
				5C7F835C1B02E7330087849F /* TestGenieDemo */,
				5C7F83761B02E7330087849F /* TestGenieDemoTests */,
				5C7F835B1B02E7330087849F /* Products */,
			);
			sourceTree = "<group>";
		};
		5C7F835B1B02E7330087849F /* Products */ = {
			isa = PBXGroup;
			children = (
				5C7F835A1B02E7330087849F /* TestGenieDemo.app */,
				5C7F83731B02E7330087849F /* TestGenieDemoTests.xctest */,
			);
			name = Products;
			sourceTree = "<group>";
		};
		5C7F835C1B02E7330087849F /* TestGenieDemo */ = {
			isa = PBXGroup;
			children = (
				5C7F83611B02E7330087849F /* AppDelegate.h */,
				5C7F83621B02E7330087849F /* AppDelegate.m */,
				5C7F83641B02E7330087849F /* ViewController.h */,
				5C7F83651B02E7330087849F /* ViewController.m */,
				5C7F83671B02E7330087849F /* Main.storyboard */,
				5C7F836A1B02E7330087849F /* Images.xcassets */,
				5C7F836C1B02E7330087849F /* LaunchScreen.xib */,
				5C7F835D1B02E7330087849F /* Supporting Files */,
			);
			path = TestGenieDemo;
			sourceTree = "<group>";
		};
		5C7F835D1B02E7330087849F /* Supporting Files */ = {
			isa = PBXGroup;
			children = (
				5C7F835E1B02E7330087849F /* Info.plist */,
				5C7F835F1B02E7330087849F /* main.m */,
			);
			name = "Supporting Files";
			sourceTree = "<group>";
		};
		5C7F83761B02E7330087849F /* TestGenieDemoTests */ = {
			isa = PBXGroup;
			children = (
				5C7F83791B02E7330087849F /* TestGenieDemoTests.m */,
				5C7F83771B02E7330087849F /* Supporting Files */,
			);
			path = TestGenieDemoTests;
			sourceTree = "<group>";
		};
		5C7F83771B02E7330087849F /* Supporting Files */ = {
			isa = PBXGroup;
			children = (
				5C7F83781B02E7330087849F /* Info.plist */,
			);
			name = "Supporting Files";
			sourceTree = "<group>";
		};
/* End PBXGroup section */

/* Begin PBXNativeTarget section */
		5C7F83591B02E7330087849F /* TestGenieDemo */ = {
			isa = PBXNativeTarget;
			buildConfigurationList = 5C7F837D1B02E7330087849F /* Build configuration list for PBXNativeTarget "TestGenieDemo" */;
			buildPhases = (
				5C7F83561B02E7330087849F /* Sources */,
				5C7F83571B02E7330087849F /* Frameworks */,
				5C7F83581B02E7330087849F /* Resources */,
			);
			buildRules = (
			);
			dependencies = (
			);
			name = TestGenieDemo;
			productName = TestGenieDemo;
			productReference = 5C7F835A1B02E7330087849F /* TestGenieDemo.app */;
			productType = "com.apple.product-type.application";
		};
		5C7F83721B02E7330087849F /* TestGenieDemoTests */ = {
			isa = PBXNativeTarget;
			buildConfigurationList = 5C7F83801B02E7330087849F /* Build configuration list for PBXNativeTarget "TestGenieDemoTests" */;
			buildPhases = (
				5C7F836F1B02E7330087849F /* Sources */,
				5C7F83701B02E7330087849F /* Frameworks */,
				5C7F83711B02E7330087849F /* Resources */,
			);
			buildRules = (
			);
			dependencies = (
				5C7F83751B02E7330087849F /* PBXTargetDependency */,
			);
			name = TestGenieDemoTests;
			productName = TestGenieDemoTests;
			productReference = 5C7F83731B02E7330087849F /* TestGenieDemoTests.xctest */;
			productType = "com.apple.product-type.bundle.unit-test";
		};
/* End PBXNativeTarget section */

/* Begin PBXProject section */
		5C7F83521B02E7330087849F /* Project object */ = {
			isa = PBXProject;
			attributes = {
				LastUpgradeCheck = 0630;
				ORGANIZATIONNAME = leihuiwu;
				TargetAttributes = {
					5C7F83591B02E7330087849F = {
						CreatedOnToolsVersion = 6.3;
					};
					5C7F83721B02E7330087849F = {
						CreatedOnToolsVersion = 6.3;
						TestTargetID = 5C7F83591B02E7330087849F;
					};
				};
			};
			buildConfigurationList = 5C7F83551B02E7330087849F /* Build configuration list for PBXProject "TestGenieDemo" */;
			compatibilityVersion = "Xcode 3.2";
			developmentRegion = English;
			hasScannedForEncodings = 0;
			knownRegions = (
				en,
				Base,
			);
			mainGroup = 5C7F83511B02E7330087849F;
			productRefGroup = 5C7F835B1B02E7330087849F /* Products */;
			projectDirPath = "";
			projectRoot = "";
			targets = (
				5C7F83591B02E7330087849F /* TestGenieDemo */,
				5C7F83721B02E7330087849F /* TestGenieDemoTests */,
			);
		};
/* End PBXProject section */

/* Begin PBXResourcesBuildPhase section */
		5C7F83581B02E7330087849F /* Resources */ = {
			isa = PBXResourcesBuildPhase;
			buildActionMask = 2147483647;
			files = (
				5C7F83691B02E7330087849F /* Main.storyboard in Resources */,
				5C7F836E1B02E7330087849F /* LaunchScreen.xib in Resources */,
				5C7F836B1B02E7330087849F /* Images.xcassets in Resources */,
			);
			runOnlyForDeploymentPostprocessing = 0;
		};
		5C7F83711B02E7330087849F /* Resources */ = {
			isa = PBXResourcesBuildPhase;
			buildActionMask = 2147483647;
			files = (
			);
			runOnlyForDeploymentPostprocessing = 0;
		};
/* End PBXResourcesBuildPhase section */

/* Begin PBXSourcesBuildPhase section */
		5C7F83561B02E7330087849F /* Sources */ = {
			isa = PBXSourcesBuildPhase;
			buildActionMask = 2147483647;
			files = (
				5C7F83661B02E7330087849F /* ViewController.m in Sources */,
				5C7F83631B02E7330087849F /* AppDelegate.m in Sources */,
				5C7F83601B02E7330087849F /* main.m in Sources */,
			);
			runOnlyForDeploymentPostprocessing = 0;
		};
		5C7F836F1B02E7330087849F /* Sources */ = {
			isa = PBXSourcesBuildPhase;
			buildActionMask = 2147483647;
			files = (
				5C7F837A1B02E7330087849F /* TestGenieDemoTests.m in Sources */,
			);
			runOnlyForDeploymentPostprocessing = 0;
		};
/* End PBXSourcesBuildPhase section */

/* Begin PBXTargetDependency section */
		5C7F83751B02E7330087849F /* PBXTargetDependency */ = {
			isa = PBXTargetDependency;
			target = 5C7F83591B02E7330087849F /* TestGenieDemo */;
			targetProxy = 5C7F83741B02E7330087849F /* PBXContainerItemProxy */;
		};
/* End PBXTargetDependency section */

/* Begin PBXVariantGroup section */
		5C7F83671B02E7330087849F /* Main.storyboard */ = {
			isa = PBXVariantGroup;
			children = (
				5C7F83681B02E7330087849F /* Base */,
			);
			name = Main.storyboard;
			sourceTree = "<group>";
		};
		5C7F836C1B02E7330087849F /* LaunchScreen.xib */ = {
			isa = PBXVariantGroup;
			children = (
				5C7F836D1B02E7330087849F /* Base */,
			);
			name = LaunchScreen.xib;
			sourceTree = "<group>";
		};
/* End PBXVariantGroup section */

/* Begin XCBuildConfiguration section */
		5C7F837B1B02E7330087849F /* Debug */ = {
			isa = XCBuildConfiguration;
			buildSettings = {
				ALWAYS_SEARCH_USER_PATHS = NO;
				CLANG_CXX_LANGUAGE_STANDARD = "gnu++0x";
				CLANG_CXX_LIBRARY = "libc++";
				CLANG_ENABLE_MODULES = YES;
				CLANG_ENABLE_OBJC_ARC = YES;
				CLANG_WARN_BOOL_CONVERSION = YES;
				CLANG_WARN_CONSTANT_CONVERSION = YES;
				CLANG_WARN_DIRECT_OBJC_ISA_USAGE = YES_ERROR;
				CLANG_WARN_EMPTY_BODY = YES;
				CLANG_WARN_ENUM_CONVERSION = YES;
				CLANG_WARN_INT_CONVERSION = YES;
				CLANG_WARN_OBJC_ROOT_CLASS = YES_ERROR;
				CLANG_WARN_UNREACHABLE_CODE = YES;
				CLANG_WARN__DUPLICATE_METHOD_MATCH = YES;
				"CODE_SIGN_IDENTITY[sdk=iphoneos*]" = "iPhone Developer";
				COPY_PHASE_STRIP = NO;
				DEBUG_INFORMATION_FORMAT = "dwarf-with-dsym";
				ENABLE_STRICT_OBJC_MSGSEND = YES;
				GCC_C_LANGUAGE_STANDARD = gnu99;
				GCC_DYNAMIC_NO_PIC = NO;
				GCC_NO_COMMON_BLOCKS = YES;
				GCC_OPTIMIZATION_LEVEL = 0;
				GCC_PREPROCESSOR_DEFINITIONS = (
					"DEBUG=1",
					"$(inherited)",
				);
				GCC_SYMBOLS_PRIVATE_EXTERN = NO;
				GCC_WARN_64_TO_32_BIT_CONVERSION = YES;
				GCC_WARN_ABOUT_RETURN_TYPE = YES_ERROR;
				GCC_WARN_UNDECLARED_SELECTOR = YES;
				GCC_WARN_UNINITIALIZED_AUTOS = YES_AGGRESSIVE;
				GCC_WARN_UNUSED_FUNCTION = YES;
				GCC_WARN_UNUSED_VARIABLE = YES;
				IPHONEOS_DEPLOYMENT_TARGET = 8.3;
				MTL_ENABLE_DEBUG_INFO = YES;
				ONLY_ACTIVE_ARCH = YES;
				SDKROOT = iphoneos;
				TARGETED_DEVICE_FAMILY = "1,2";
			};
			name = Debug;
		};
		5C7F837C1B02E7330087849F /* Release */ = {
			isa = XCBuildConfiguration;
			buildSettings = {
				ALWAYS_SEARCH_USER_PATHS = NO;
				CLANG_CXX_LANGUAGE_STANDARD = "gnu++0x";
				CLANG_CXX_LIBRARY = "libc++";
				CLANG_ENABLE_MODULES = YES;
				CLANG_ENABLE_OBJC_ARC = YES;
				CLANG_WARN_BOOL_CONVERSION = YES;
				CLANG_WARN_CONSTANT_CONVERSION = YES;
				CLANG_WARN_DIRECT_OBJC_ISA_USAGE = YES_ERROR;
				CLANG_WARN_EMPTY_BODY = YES;
				CLANG_WARN_ENUM_CONVERSION = YES;
				CLANG_WARN_INT_CONVERSION = YES;
				CLANG_WARN_OBJC_ROOT_CLASS = YES_ERROR;
				CLANG_WARN_UNREACHABLE_CODE = YES;
				CLANG_WARN__DUPLICATE_METHOD_MATCH = YES;
				"CODE_SIGN_IDENTITY[sdk=iphoneos*]" = "iPhone Developer";
				COPY_PHASE_STRIP = NO;
				DEBUG_INFORMATION_FORMAT = "dwarf-with-dsym";
				ENABLE_NS_ASSERTIONS = NO;
				ENABLE_STRICT_OBJC_MSGSEND = YES;
				GCC_C_LANGUAGE_STANDARD = gnu99;
				GCC_NO_COMMON_BLOCKS = YES;
				GCC_WARN_64_TO_32_BIT_CONVERSION = YES;
				GCC_WARN_ABOUT_RETURN_TYPE = YES_ERROR;
				GCC_WARN_UNDECLARED_SELECTOR = YES;
				GCC_WARN_UNINITIALIZED_AUTOS = YES_AGGRESSIVE;
				GCC_WARN_UNUSED_FUNCTION = YES;
				GCC_WARN_UNUSED_VARIABLE = YES;
				IPHONEOS_DEPLOYMENT_TARGET = 8.3;
				MTL_ENABLE_DEBUG_INFO = NO;
				SDKROOT = iphoneos;
				TARGETED_DEVICE_FAMILY = "1,2";
				VALIDATE_PRODUCT = YES;
			};
			name = Release;
		};
		5C7F837E1B02E7330087849F /* Debug */ = {
			isa = XCBuildConfiguration;
			buildSettings = {
				ASSETCATALOG_COMPILER_APPICON_NAME = AppIcon;
				INFOPLIST_FILE = TestGenieDemo/Info.plist;
				LD_RUNPATH_SEARCH_PATHS = "$(inherited) @executable_path/Frameworks";
				PRODUCT_NAME = "$(TARGET_NAME)";
			};
			name = Debug;
		};
		5C7F837F1B02E7330087849F /* Release */ = {
			isa = XCBuildConfiguration;
			buildSettings = {
				ASSETCATALOG_COMPILER_APPICON_NAME = AppIcon;
				INFOPLIST_FILE = TestGenieDemo/Info.plist;
				LD_RUNPATH_SEARCH_PATHS = "$(inherited) @executable_path/Frameworks";
				PRODUCT_NAME = "$(TARGET_NAME)";
			};
			name = Release;
		};
		5C7F83811B02E7330087849F /* Debug */ = {
			isa = XCBuildConfiguration;
			buildSettings = {
				BUNDLE_LOADER = "$(TEST_HOST)";
				FRAMEWORK_SEARCH_PATHS = (
					"$(SDKROOT)/Developer/Library/Frameworks",
					"$(inherited)",
				);
				GCC_PREPROCESSOR_DEFINITIONS = (
					"DEBUG=1",
					"$(inherited)",
				);
				INFOPLIST_FILE = TestGenieDemoTests/Info.plist;
				LD_RUNPATH_SEARCH_PATHS = "$(inherited) @executable_path/Frameworks @loader_path/Frameworks";
				PRODUCT_NAME = "$(TARGET_NAME)";
				TEST_HOST = "$(BUILT_PRODUCTS_DIR)/TestGenieDemo.app/TestGenieDemo";
			};
			name = Debug;
		};
		5C7F83821B02E7330087849F /* Release */ = {
			isa = XCBuildConfiguration;
			buildSettings = {
				BUNDLE_LOADER = "$(TEST_HOST)";
				FRAMEWORK_SEARCH_PATHS = (
					"$(SDKROOT)/Developer/Library/Frameworks",
					"$(inherited)",
				);
				INFOPLIST_FILE = TestGenieDemoTests/Info.plist;
				LD_RUNPATH_SEARCH_PATHS = "$(inherited) @executable_path/Frameworks @loader_path/Frameworks";
				PRODUCT_NAME = "$(TARGET_NAME)";
				TEST_HOST = "$(BUILT_PRODUCTS_DIR)/TestGenieDemo.app/TestGenieDemo";
			};
			name = Release;
		};
/* End XCBuildConfiguration section */

/* Begin XCConfigurationList section */
		5C7F83551B02E7330087849F /* Build configuration list for PBXProject "TestGenieDemo" */ = {
			isa = XCConfigurationList;
			buildConfigurations = (
				5C7F837B1B02E7330087849F /* Debug */,
				5C7F837C1B02E7330087849F /* Release */,
			);
			defaultConfigurationIsVisible = 0;
			defaultConfigurationName = Release;
		};
		5C7F837D1B02E7330087849F /* Build configuration list for PBXNativeTarget "TestGenieDemo" */ = {
			isa = XCConfigurationList;
			buildConfigurations = (
				5C7F837E1B02E7330087849F /* Debug */,
				5C7F837F1B02E7330087849F /* Release */,
			);
			defaultConfigurationIsVisible = 0;
		};
		5C7F83801B02E7330087849F /* Build configuration list for PBXNativeTarget "TestGenieDemoTests" */ = {
			isa = XCConfigurationList;
			buildConfigurations = (
				5C7F83811B02E7330087849F /* Debug */,
				5C7F83821B02E7330087849F /* Release */,
			);
			defaultConfigurationIsVisible = 0;
		};
/* End XCConfigurationList section */
	};
	rootObject = 5C7F83521B02E7330087849F /* Project object */;
}
